// !$*UTF8*$!
{
	archiveVersion = 1;
	classes = {
	};
	objectVersion = 50;
	objects = {

/* Begin PBXBuildFile section */
		4C72E8832579D8F80098FCA2 /* AppDelegate.swift in Sources */ = {isa = PBXBuildFile; fileRef = 4C72E8822579D8F80098FCA2 /* AppDelegate.swift */; };
		4C72E8852579D8F80098FCA2 /* SceneDelegate.swift in Sources */ = {isa = PBXBuildFile; fileRef = 4C72E8842579D8F80098FCA2 /* SceneDelegate.swift */; };
		4C72E8872579D8F80098FCA2 /* ViewController.swift in Sources */ = {isa = PBXBuildFile; fileRef = 4C72E8862579D8F80098FCA2 /* ViewController.swift */; };
		4C72E88A2579D8F80098FCA2 /* Main.storyboard in Resources */ = {isa = PBXBuildFile; fileRef = 4C72E8882579D8F80098FCA2 /* Main.storyboard */; };
		4C72E88D2579D8F80098FCA2 /* TimeWaster.xcdatamodeld in Sources */ = {isa = PBXBuildFile; fileRef = 4C72E88B2579D8F80098FCA2 /* TimeWaster.xcdatamodeld */; };
		4C72E88F2579D8F90098FCA2 /* Assets.xcassets in Resources */ = {isa = PBXBuildFile; fileRef = 4C72E88E2579D8F90098FCA2 /* Assets.xcassets */; };
		4C72E8922579D8F90098FCA2 /* LaunchScreen.storyboard in Resources */ = {isa = PBXBuildFile; fileRef = 4C72E8902579D8F90098FCA2 /* LaunchScreen.storyboard */; };
		4C72E89D2579D8F90098FCA2 /* TimeWasterTests.swift in Sources */ = {isa = PBXBuildFile; fileRef = 4C72E89C2579D8F90098FCA2 /* TimeWasterTests.swift */; };
		4C72E8A82579D8F90098FCA2 /* TimeWasterUITests.swift in Sources */ = {isa = PBXBuildFile; fileRef = 4C72E8A72579D8F90098FCA2 /* TimeWasterUITests.swift */; };
/* End PBXBuildFile section */

/* Begin PBXContainerItemProxy section */
		4C72E8992579D8F90098FCA2 /* PBXContainerItemProxy */ = {
			isa = PBXContainerItemProxy;
			containerPortal = 4C72E8772579D8F80098FCA2 /* Project object */;
			proxyType = 1;
			remoteGlobalIDString = 4C72E87E2579D8F80098FCA2;
			remoteInfo = TimeWaster;
		};
		4C72E8A42579D8F90098FCA2 /* PBXContainerItemProxy */ = {
			isa = PBXContainerItemProxy;
			containerPortal = 4C72E8772579D8F80098FCA2 /* Project object */;
			proxyType = 1;
			remoteGlobalIDString = 4C72E87E2579D8F80098FCA2;
			remoteInfo = TimeWaster;
		};
/* End PBXContainerItemProxy section */

/* Begin PBXFileReference section */
		4C72E87F2579D8F80098FCA2 /* TimeWaster.app */ = {isa = PBXFileReference; explicitFileType = wrapper.application; includeInIndex = 0; path = TimeWaster.app; sourceTree = BUILT_PRODUCTS_DIR; };
		4C72E8822579D8F80098FCA2 /* AppDelegate.swift */ = {isa = PBXFileReference; lastKnownFileType = sourcecode.swift; path = AppDelegate.swift; sourceTree = "<group>"; };
		4C72E8842579D8F80098FCA2 /* SceneDelegate.swift */ = {isa = PBXFileReference; lastKnownFileType = sourcecode.swift; path = SceneDelegate.swift; sourceTree = "<group>"; };
		4C72E8862579D8F80098FCA2 /* ViewController.swift */ = {isa = PBXFileReference; lastKnownFileType = sourcecode.swift; path = ViewController.swift; sourceTree = "<group>"; };
		4C72E8892579D8F80098FCA2 /* Base */ = {isa = PBXFileReference; lastKnownFileType = file.storyboard; name = Base; path = Base.lproj/Main.storyboard; sourceTree = "<group>"; };
		4C72E88C2579D8F80098FCA2 /* TimeWaster.xcdatamodel */ = {isa = PBXFileReference; lastKnownFileType = wrapper.xcdatamodel; path = TimeWaster.xcdatamodel; sourceTree = "<group>"; };
		4C72E88E2579D8F90098FCA2 /* Assets.xcassets */ = {isa = PBXFileReference; lastKnownFileType = folder.assetcatalog; path = Assets.xcassets; sourceTree = "<group>"; };
		4C72E8912579D8F90098FCA2 /* Base */ = {isa = PBXFileReference; lastKnownFileType = file.storyboard; name = Base; path = Base.lproj/LaunchScreen.storyboard; sourceTree = "<group>"; };
		4C72E8932579D8F90098FCA2 /* Info.plist */ = {isa = PBXFileReference; lastKnownFileType = text.plist.xml; path = Info.plist; sourceTree = "<group>"; };
		4C72E8982579D8F90098FCA2 /* TimeWasterTests.xctest */ = {isa = PBXFileReference; explicitFileType = wrapper.cfbundle; includeInIndex = 0; path = TimeWasterTests.xctest; sourceTree = BUILT_PRODUCTS_DIR; };
		4C72E89C2579D8F90098FCA2 /* TimeWasterTests.swift */ = {isa = PBXFileReference; lastKnownFileType = sourcecode.swift; path = TimeWasterTests.swift; sourceTree = "<group>"; };
		4C72E89E2579D8F90098FCA2 /* Info.plist */ = {isa = PBXFileReference; lastKnownFileType = text.plist.xml; path = Info.plist; sourceTree = "<group>"; };
		4C72E8A32579D8F90098FCA2 /* TimeWasterUITests.xctest */ = {isa = PBXFileReference; explicitFileType = wrapper.cfbundle; includeInIndex = 0; path = TimeWasterUITests.xctest; sourceTree = BUILT_PRODUCTS_DIR; };
		4C72E8A72579D8F90098FCA2 /* TimeWasterUITests.swift */ = {isa = PBXFileReference; lastKnownFileType = sourcecode.swift; path = TimeWasterUITests.swift; sourceTree = "<group>"; };
		4C72E8A92579D8F90098FCA2 /* Info.plist */ = {isa = PBXFileReference; lastKnownFileType = text.plist.xml; path = Info.plist; sourceTree = "<group>"; };
/* End PBXFileReference section */

/* Begin PBXFrameworksBuildPhase section */
		4C72E87C2579D8F80098FCA2 /* Frameworks */ = {
			isa = PBXFrameworksBuildPhase;
			buildActionMask = 2147483647;
			files = (
			);
			runOnlyForDeploymentPostprocessing = 0;
		};
		4C72E8952579D8F90098FCA2 /* Frameworks */ = {
			isa = PBXFrameworksBuildPhase;
			buildActionMask = 2147483647;
			files = (
			);
			runOnlyForDeploymentPostprocessing = 0;
		};
		4C72E8A02579D8F90098FCA2 /* Frameworks */ = {
			isa = PBXFrameworksBuildPhase;
			buildActionMask = 2147483647;
			files = (
			);
			runOnlyForDeploymentPostprocessing = 0;
		};
/* End PBXFrameworksBuildPhase section */

/* Begin PBXGroup section */
		4C72E8762579D8F80098FCA2 = {
			isa = PBXGroup;
			children = (
				4C72E8812579D8F80098FCA2 /* TimeWaster */,
				4C72E89B2579D8F90098FCA2 /* TimeWasterTests */,
				4C72E8A62579D8F90098FCA2 /* TimeWasterUITests */,
				4C72E8802579D8F80098FCA2 /* Products */,
			);
			sourceTree = "<group>";
		};
		4C72E8802579D8F80098FCA2 /* Products */ = {
			isa = PBXGroup;
			children = (
				4C72E87F2579D8F80098FCA2 /* TimeWaster.app */,
				4C72E8982579D8F90098FCA2 /* TimeWasterTests.xctest */,
				4C72E8A32579D8F90098FCA2 /* TimeWasterUITests.xctest */,
			);
			name = Products;
			sourceTree = "<group>";
		};
		4C72E8812579D8F80098FCA2 /* TimeWaster */ = {
			isa = PBXGroup;
			children = (
				4C72E8822579D8F80098FCA2 /* AppDelegate.swift */,
				4C72E8842579D8F80098FCA2 /* SceneDelegate.swift */,
				4C72E8862579D8F80098FCA2 /* ViewController.swift */,
				4C72E8882579D8F80098FCA2 /* Main.storyboard */,
				4C72E88E2579D8F90098FCA2 /* Assets.xcassets */,
				4C72E8902579D8F90098FCA2 /* LaunchScreen.storyboard */,
				4C72E8932579D8F90098FCA2 /* Info.plist */,
				4C72E88B2579D8F80098FCA2 /* TimeWaster.xcdatamodeld */,
			);
			path = TimeWaster;
			sourceTree = "<group>";
		};
		4C72E89B2579D8F90098FCA2 /* TimeWasterTests */ = {
			isa = PBXGroup;
			children = (
				4C72E89C2579D8F90098FCA2 /* TimeWasterTests.swift */,
				4C72E89E2579D8F90098FCA2 /* Info.plist */,
			);
			path = TimeWasterTests;
			sourceTree = "<group>";
		};
		4C72E8A62579D8F90098FCA2 /* TimeWasterUITests */ = {
			isa = PBXGroup;
			children = (
				4C72E8A72579D8F90098FCA2 /* TimeWasterUITests.swift */,
				4C72E8A92579D8F90098FCA2 /* Info.plist */,
			);
			path = TimeWasterUITests;
			sourceTree = "<group>";
		};
/* End PBXGroup section */

/* Begin PBXNativeTarget section */
		4C72E87E2579D8F80098FCA2 /* TimeWaster */ = {
			isa = PBXNativeTarget;
			buildConfigurationList = 4C72E8AC2579D8F90098FCA2 /* Build configuration list for PBXNativeTarget "TimeWaster" */;
			buildPhases = (
				4C72E87B2579D8F80098FCA2 /* Sources */,
				4C72E87C2579D8F80098FCA2 /* Frameworks */,
				4C72E87D2579D8F80098FCA2 /* Resources */,
			);
			buildRules = (
			);
			dependencies = (
			);
			name = TimeWaster;
			productName = TimeWaster;
			productReference = 4C72E87F2579D8F80098FCA2 /* TimeWaster.app */;
			productType = "com.apple.product-type.application";
		};
		4C72E8972579D8F90098FCA2 /* TimeWasterTests */ = {
			isa = PBXNativeTarget;
			buildConfigurationList = 4C72E8AF2579D8F90098FCA2 /* Build configuration list for PBXNativeTarget "TimeWasterTests" */;
			buildPhases = (
				4C72E8942579D8F90098FCA2 /* Sources */,
				4C72E8952579D8F90098FCA2 /* Frameworks */,
				4C72E8962579D8F90098FCA2 /* Resources */,
			);
			buildRules = (
			);
			dependencies = (
				4C72E89A2579D8F90098FCA2 /* PBXTargetDependency */,
			);
			name = TimeWasterTests;
			productName = TimeWasterTests;
			productReference = 4C72E8982579D8F90098FCA2 /* TimeWasterTests.xctest */;
			productType = "com.apple.product-type.bundle.unit-test";
		};
		4C72E8A22579D8F90098FCA2 /* TimeWasterUITests */ = {
			isa = PBXNativeTarget;
			buildConfigurationList = 4C72E8B22579D8F90098FCA2 /* Build configuration list for PBXNativeTarget "TimeWasterUITests" */;
			buildPhases = (
				4C72E89F2579D8F90098FCA2 /* Sources */,
				4C72E8A02579D8F90098FCA2 /* Frameworks */,
				4C72E8A12579D8F90098FCA2 /* Resources */,
			);
			buildRules = (
			);
			dependencies = (
				4C72E8A52579D8F90098FCA2 /* PBXTargetDependency */,
			);
			name = TimeWasterUITests;
			productName = TimeWasterUITests;
			productReference = 4C72E8A32579D8F90098FCA2 /* TimeWasterUITests.xctest */;
			productType = "com.apple.product-type.bundle.ui-testing";
		};
/* End PBXNativeTarget section */

/* Begin PBXProject section */
		4C72E8772579D8F80098FCA2 /* Project object */ = {
			isa = PBXProject;
			attributes = {
				LastSwiftUpdateCheck = 1220;
				LastUpgradeCheck = 1220;
				TargetAttributes = {
					4C72E87E2579D8F80098FCA2 = {
						CreatedOnToolsVersion = 12.2;
					};
					4C72E8972579D8F90098FCA2 = {
						CreatedOnToolsVersion = 12.2;
						TestTargetID = 4C72E87E2579D8F80098FCA2;
					};
					4C72E8A22579D8F90098FCA2 = {
						CreatedOnToolsVersion = 12.2;
						TestTargetID = 4C72E87E2579D8F80098FCA2;
					};
				};
			};
			buildConfigurationList = 4C72E87A2579D8F80098FCA2 /* Build configuration list for PBXProject "TimeWaster" */;
			compatibilityVersion = "Xcode 9.3";
			developmentRegion = en;
			hasScannedForEncodings = 0;
			knownRegions = (
				en,
				Base,
			);
			mainGroup = 4C72E8762579D8F80098FCA2;
			productRefGroup = 4C72E8802579D8F80098FCA2 /* Products */;
			projectDirPath = "";
			projectRoot = "";
			targets = (
				4C72E87E2579D8F80098FCA2 /* TimeWaster */,
				4C72E8972579D8F90098FCA2 /* TimeWasterTests */,
				4C72E8A22579D8F90098FCA2 /* TimeWasterUITests */,
			);
		};
/* End PBXProject section */

/* Begin PBXResourcesBuildPhase section */
		4C72E87D2579D8F80098FCA2 /* Resources */ = {
			isa = PBXResourcesBuildPhase;
			buildActionMask = 2147483647;
			files = (
				4C72E8922579D8F90098FCA2 /* LaunchScreen.storyboard in Resources */,
				4C72E88F2579D8F90098FCA2 /* Assets.xcassets in Resources */,
				4C72E88A2579D8F80098FCA2 /* Main.storyboard in Resources */,
			);
			runOnlyForDeploymentPostprocessing = 0;
		};
		4C72E8962579D8F90098FCA2 /* Resources */ = {
			isa = PBXResourcesBuildPhase;
			buildActionMask = 2147483647;
			files = (
			);
			runOnlyForDeploymentPostprocessing = 0;
		};
		4C72E8A12579D8F90098FCA2 /* Resources */ = {
			isa = PBXResourcesBuildPhase;
			buildActionMask = 2147483647;
			files = (
			);
			runOnlyForDeploymentPostprocessing = 0;
		};
/* End PBXResourcesBuildPhase section */

/* Begin PBXSourcesBuildPhase section */
		4C72E87B2579D8F80098FCA2 /* Sources */ = {
			isa = PBXSourcesBuildPhase;
			buildActionMask = 2147483647;
			files = (
				4C72E88D2579D8F80098FCA2 /* TimeWaster.xcdatamodeld in Sources */,
				4C72E8872579D8F80098FCA2 /* ViewController.swift in Sources */,
				4C72E8832579D8F80098FCA2 /* AppDelegate.swift in Sources */,
				4C72E8852579D8F80098FCA2 /* SceneDelegate.swift in Sources */,
			);
			runOnlyForDeploymentPostprocessing = 0;
		};
		4C72E8942579D8F90098FCA2 /* Sources */ = {
			isa = PBXSourcesBuildPhase;
			buildActionMask = 2147483647;
			files = (
				4C72E89D2579D8F90098FCA2 /* TimeWasterTests.swift in Sources */,
			);
			runOnlyForDeploymentPostprocessing = 0;
		};
		4C72E89F2579D8F90098FCA2 /* Sources */ = {
			isa = PBXSourcesBuildPhase;
			buildActionMask = 2147483647;
			files = (
				4C72E8A82579D8F90098FCA2 /* TimeWasterUITests.swift in Sources */,
			);
			runOnlyForDeploymentPostprocessing = 0;
		};
/* End PBXSourcesBuildPhase section */

/* Begin PBXTargetDependency section */
		4C72E89A2579D8F90098FCA2 /* PBXTargetDependency */ = {
			isa = PBXTargetDependency;
			target = 4C72E87E2579D8F80098FCA2 /* TimeWaster */;
			targetProxy = 4C72E8992579D8F90098FCA2 /* PBXContainerItemProxy */;
		};
		4C72E8A52579D8F90098FCA2 /* PBXTargetDependency */ = {
			isa = PBXTargetDependency;
			target = 4C72E87E2579D8F80098FCA2 /* TimeWaster */;
			targetProxy = 4C72E8A42579D8F90098FCA2 /* PBXContainerItemProxy */;
		};
/* End PBXTargetDependency section */

/* Begin PBXVariantGroup section */
		4C72E8882579D8F80098FCA2 /* Main.storyboard */ = {
			isa = PBXVariantGroup;
			children = (
				4C72E8892579D8F80098FCA2 /* Base */,
			);
			name = Main.storyboard;
			sourceTree = "<group>";
		};
		4C72E8902579D8F90098FCA2 /* LaunchScreen.storyboard */ = {
			isa = PBXVariantGroup;
			children = (
				4C72E8912579D8F90098FCA2 /* Base */,
			);
			name = LaunchScreen.storyboard;
			sourceTree = "<group>";
		};
/* End PBXVariantGroup section */

/* Begin XCBuildConfiguration section */
		4C72E8AA2579D8F90098FCA2 /* Debug */ = {
			isa = XCBuildConfiguration;
			buildSettings = {
				ALWAYS_SEARCH_USER_PATHS = NO;
				CLANG_ANALYZER_NONNULL = YES;
				CLANG_ANALYZER_NUMBER_OBJECT_CONVERSION = YES_AGGRESSIVE;
				CLANG_CXX_LANGUAGE_STANDARD = "gnu++14";
				CLANG_CXX_LIBRARY = "libc++";
				CLANG_ENABLE_MODULES = YES;
				CLANG_ENABLE_OBJC_ARC = YES;
				CLANG_ENABLE_OBJC_WEAK = YES;
				CLANG_WARN_BLOCK_CAPTURE_AUTORELEASING = YES;
				CLANG_WARN_BOOL_CONVERSION = YES;
				CLANG_WARN_COMMA = YES;
				CLANG_WARN_CONSTANT_CONVERSION = YES;
				CLANG_WARN_DEPRECATED_OBJC_IMPLEMENTATIONS = YES;
				CLANG_WARN_DIRECT_OBJC_ISA_USAGE = YES_ERROR;
				CLANG_WARN_DOCUMENTATION_COMMENTS = YES;
				CLANG_WARN_EMPTY_BODY = YES;
				CLANG_WARN_ENUM_CONVERSION = YES;
				CLANG_WARN_INFINITE_RECURSION = YES;
				CLANG_WARN_INT_CONVERSION = YES;
				CLANG_WARN_NON_LITERAL_NULL_CONVERSION = YES;
				CLANG_WARN_OBJC_IMPLICIT_RETAIN_SELF = YES;
				CLANG_WARN_OBJC_LITERAL_CONVERSION = YES;
				CLANG_WARN_OBJC_ROOT_CLASS = YES_ERROR;
				CLANG_WARN_QUOTED_INCLUDE_IN_FRAMEWORK_HEADER = YES;
				CLANG_WARN_RANGE_LOOP_ANALYSIS = YES;
				CLANG_WARN_STRICT_PROTOTYPES = YES;
				CLANG_WARN_SUSPICIOUS_MOVE = YES;
				CLANG_WARN_UNGUARDED_AVAILABILITY = YES_AGGRESSIVE;
				CLANG_WARN_UNREACHABLE_CODE = YES;
				CLANG_WARN__DUPLICATE_METHOD_MATCH = YES;
				COPY_PHASE_STRIP = NO;
				DEBUG_INFORMATION_FORMAT = dwarf;
				ENABLE_STRICT_OBJC_MSGSEND = YES;
				ENABLE_TESTABILITY = YES;
				GCC_C_LANGUAGE_STANDARD = gnu11;
				GCC_DYNAMIC_NO_PIC = NO;
				GCC_NO_COMMON_BLOCKS = YES;
				GCC_OPTIMIZATION_LEVEL = 0;
				GCC_PREPROCESSOR_DEFINITIONS = (
					"DEBUG=1",
					"$(inherited)",
				);
				GCC_WARN_64_TO_32_BIT_CONVERSION = YES;
				GCC_WARN_ABOUT_RETURN_TYPE = YES_ERROR;
				GCC_WARN_UNDECLARED_SELECTOR = YES;
				GCC_WARN_UNINITIALIZED_AUTOS = YES_AGGRESSIVE;
				GCC_WARN_UNUSED_FUNCTION = YES;
				GCC_WARN_UNUSED_VARIABLE = YES;
				IPHONEOS_DEPLOYMENT_TARGET = 14.2;
				MTL_ENABLE_DEBUG_INFO = INCLUDE_SOURCE;
				MTL_FAST_MATH = YES;
				ONLY_ACTIVE_ARCH = YES;
				SDKROOT = iphoneos;
				SWIFT_ACTIVE_COMPILATION_CONDITIONS = DEBUG;
				SWIFT_OPTIMIZATION_LEVEL = "-Onone";
			};
			name = Debug;
		};
		4C72E8AB2579D8F90098FCA2 /* Release */ = {
			isa = XCBuildConfiguration;
			buildSettings = {
				ALWAYS_SEARCH_USER_PATHS = NO;
				CLANG_ANALYZER_NONNULL = YES;
				CLANG_ANALYZER_NUMBER_OBJECT_CONVERSION = YES_AGGRESSIVE;
				CLANG_CXX_LANGUAGE_STANDARD = "gnu++14";
				CLANG_CXX_LIBRARY = "libc++";
				CLANG_ENABLE_MODULES = YES;
				CLANG_ENABLE_OBJC_ARC = YES;
				CLANG_ENABLE_OBJC_WEAK = YES;
				CLANG_WARN_BLOCK_CAPTURE_AUTORELEASING = YES;
				CLANG_WARN_BOOL_CONVERSION = YES;
				CLANG_WARN_COMMA = YES;
				CLANG_WARN_CONSTANT_CONVERSION = YES;
				CLANG_WARN_DEPRECATED_OBJC_IMPLEMENTATIONS = YES;
				CLANG_WARN_DIRECT_OBJC_ISA_USAGE = YES_ERROR;
				CLANG_WARN_DOCUMENTATION_COMMENTS = YES;
				CLANG_WARN_EMPTY_BODY = YES;
				CLANG_WARN_ENUM_CONVERSION = YES;
				CLANG_WARN_INFINITE_RECURSION = YES;
				CLANG_WARN_INT_CONVERSION = YES;
				CLANG_WARN_NON_LITERAL_NULL_CONVERSION = YES;
				CLANG_WARN_OBJC_IMPLICIT_RETAIN_SELF = YES;
				CLANG_WARN_OBJC_LITERAL_CONVERSION = YES;
				CLANG_WARN_OBJC_ROOT_CLASS = YES_ERROR;
				CLANG_WARN_QUOTED_INCLUDE_IN_FRAMEWORK_HEADER = YES;
				CLANG_WARN_RANGE_LOOP_ANALYSIS = YES;
				CLANG_WARN_STRICT_PROTOTYPES = YES;
				CLANG_WARN_SUSPICIOUS_MOVE = YES;
				CLANG_WARN_UNGUARDED_AVAILABILITY = YES_AGGRESSIVE;
				CLANG_WARN_UNREACHABLE_CODE = YES;
				CLANG_WARN__DUPLICATE_METHOD_MATCH = YES;
				COPY_PHASE_STRIP = NO;
				DEBUG_INFORMATION_FORMAT = "dwarf-with-dsym";
				ENABLE_NS_ASSERTIONS = NO;
				ENABLE_STRICT_OBJC_MSGSEND = YES;
				GCC_C_LANGUAGE_STANDARD = gnu11;
				GCC_NO_COMMON_BLOCKS = YES;
				GCC_WARN_64_TO_32_BIT_CONVERSION = YES;
				GCC_WARN_ABOUT_RETURN_TYPE = YES_ERROR;
				GCC_WARN_UNDECLARED_SELECTOR = YES;
				GCC_WARN_UNINITIALIZED_AUTOS = YES_AGGRESSIVE;
				GCC_WARN_UNUSED_FUNCTION = YES;
				GCC_WARN_UNUSED_VARIABLE = YES;
				IPHONEOS_DEPLOYMENT_TARGET = 14.2;
				MTL_ENABLE_DEBUG_INFO = NO;
				MTL_FAST_MATH = YES;
				SDKROOT = iphoneos;
				SWIFT_COMPILATION_MODE = wholemodule;
				SWIFT_OPTIMIZATION_LEVEL = "-O";
				VALIDATE_PRODUCT = YES;
			};
			name = Release;
		};
		4C72E8AD2579D8F90098FCA2 /* Debug */ = {
			isa = XCBuildConfiguration;
			buildSettings = {
				ASSETCATALOG_COMPILER_APPICON_NAME = AppIcon;
				ASSETCATALOG_COMPILER_GLOBAL_ACCENT_COLOR_NAME = AccentColor;
				CODE_SIGN_STYLE = Automatic;
				INFOPLIST_FILE = TimeWaster/Info.plist;
				LD_RUNPATH_SEARCH_PATHS = (
					"$(inherited)",
					"@executable_path/Frameworks",
				);
				PRODUCT_BUNDLE_IDENTIFIER = edu.appstate.lapenseerankinesv.TimeWaster;
				PRODUCT_NAME = "$(TARGET_NAME)";
				SWIFT_VERSION = 5.0;
				TARGETED_DEVICE_FAMILY = "1,2";
			};
			name = Debug;
		};
		4C72E8AE2579D8F90098FCA2 /* Release */ = {
			isa = XCBuildConfiguration;
			buildSettings = {
				ASSETCATALOG_COMPILER_APPICON_NAME = AppIcon;
				ASSETCATALOG_COMPILER_GLOBAL_ACCENT_COLOR_NAME = AccentColor;
				CODE_SIGN_STYLE = Automatic;
				INFOPLIST_FILE = TimeWaster/Info.plist;
				LD_RUNPATH_SEARCH_PATHS = (
					"$(inherited)",
					"@executable_path/Frameworks",
				);
				PRODUCT_BUNDLE_IDENTIFIER = edu.appstate.lapenseerankinesv.TimeWaster;
				PRODUCT_NAME = "$(TARGET_NAME)";
				SWIFT_VERSION = 5.0;
				TARGETED_DEVICE_FAMILY = "1,2";
			};
			name = Release;
		};
		4C72E8B02579D8F90098FCA2 /* Debug */ = {
			isa = XCBuildConfiguration;
			buildSettings = {
				ALWAYS_EMBED_SWIFT_STANDARD_LIBRARIES = YES;
				BUNDLE_LOADER = "$(TEST_HOST)";
				CODE_SIGN_STYLE = Automatic;
				INFOPLIST_FILE = TimeWasterTests/Info.plist;
				IPHONEOS_DEPLOYMENT_TARGET = 14.2;
				LD_RUNPATH_SEARCH_PATHS = (
					"$(inherited)",
					"@executable_path/Frameworks",
					"@loader_path/Frameworks",
				);
				PRODUCT_BUNDLE_IDENTIFIER = edu.appstate.lapenseerankinesv.TimeWasterTests;
				PRODUCT_NAME = "$(TARGET_NAME)";
				SWIFT_VERSION = 5.0;
				TARGETED_DEVICE_FAMILY = "1,2";
				TEST_HOST = "$(BUILT_PRODUCTS_DIR)/TimeWaster.app/TimeWaster";
			};
			name = Debug;
		};
		4C72E8B12579D8F90098FCA2 /* Release */ = {
			isa = XCBuildConfiguration;
			buildSettings = {
				ALWAYS_EMBED_SWIFT_STANDARD_LIBRARIES = YES;
				BUNDLE_LOADER = "$(TEST_HOST)";
				CODE_SIGN_STYLE = Automatic;
				INFOPLIST_FILE = TimeWasterTests/Info.plist;
				IPHONEOS_DEPLOYMENT_TARGET = 14.2;
				LD_RUNPATH_SEARCH_PATHS = (
					"$(inherited)",
					"@executable_path/Frameworks",
					"@loader_path/Frameworks",
				);
				PRODUCT_BUNDLE_IDENTIFIER = edu.appstate.lapenseerankinesv.TimeWasterTests;
				PRODUCT_NAME = "$(TARGET_NAME)";
				SWIFT_VERSION = 5.0;
				TARGETED_DEVICE_FAMILY = "1,2";
				TEST_HOST = "$(BUILT_PRODUCTS_DIR)/TimeWaster.app/TimeWaster";
			};
			name = Release;
		};
		4C72E8B32579D8F90098FCA2 /* Debug */ = {
			isa = XCBuildConfiguration;
			buildSettings = {
				ALWAYS_EMBED_SWIFT_STANDARD_LIBRARIES = YES;
				CODE_SIGN_STYLE = Automatic;
				INFOPLIST_FILE = TimeWasterUITests/Info.plist;
				LD_RUNPATH_SEARCH_PATHS = (
					"$(inherited)",
					"@executable_path/Frameworks",
					"@loader_path/Frameworks",
				);
				PRODUCT_BUNDLE_IDENTIFIER = edu.appstate.lapenseerankinesv.TimeWasterUITests;
				PRODUCT_NAME = "$(TARGET_NAME)";
				SWIFT_VERSION = 5.0;
				TARGETED_DEVICE_FAMILY = "1,2";
				TEST_TARGET_NAME = TimeWaster;
			};
			name = Debug;
		};
		4C72E8B42579D8F90098FCA2 /* Release */ = {
			isa = XCBuildConfiguration;
			buildSettings = {
				ALWAYS_EMBED_SWIFT_STANDARD_LIBRARIES = YES;
				CODE_SIGN_STYLE = Automatic;
				INFOPLIST_FILE = TimeWasterUITests/Info.plist;
				LD_RUNPATH_SEARCH_PATHS = (
					"$(inherited)",
					"@executable_path/Frameworks",
					"@loader_path/Frameworks",
				);
				PRODUCT_BUNDLE_IDENTIFIER = edu.appstate.lapenseerankinesv.TimeWasterUITests;
				PRODUCT_NAME = "$(TARGET_NAME)";
				SWIFT_VERSION = 5.0;
				TARGETED_DEVICE_FAMILY = "1,2";
				TEST_TARGET_NAME = TimeWaster;
			};
			name = Release;
		};
/* End XCBuildConfiguration section */

/* Begin XCConfigurationList section */
		4C72E87A2579D8F80098FCA2 /* Build configuration list for PBXProject "TimeWaster" */ = {
			isa = XCConfigurationList;
			buildConfigurations = (
				4C72E8AA2579D8F90098FCA2 /* Debug */,
				4C72E8AB2579D8F90098FCA2 /* Release */,
			);
			defaultConfigurationIsVisible = 0;
			defaultConfigurationName = Release;
		};
		4C72E8AC2579D8F90098FCA2 /* Build configuration list for PBXNativeTarget "TimeWaster" */ = {
			isa = XCConfigurationList;
			buildConfigurations = (
				4C72E8AD2579D8F90098FCA2 /* Debug */,
				4C72E8AE2579D8F90098FCA2 /* Release */,
			);
			defaultConfigurationIsVisible = 0;
			defaultConfigurationName = Release;
		};
		4C72E8AF2579D8F90098FCA2 /* Build configuration list for PBXNativeTarget "TimeWasterTests" */ = {
			isa = XCConfigurationList;
			buildConfigurations = (
				4C72E8B02579D8F90098FCA2 /* Debug */,
				4C72E8B12579D8F90098FCA2 /* Release */,
			);
			defaultConfigurationIsVisible = 0;
			defaultConfigurationName = Release;
		};
		4C72E8B22579D8F90098FCA2 /* Build configuration list for PBXNativeTarget "TimeWasterUITests" */ = {
			isa = XCConfigurationList;
			buildConfigurations = (
				4C72E8B32579D8F90098FCA2 /* Debug */,
				4C72E8B42579D8F90098FCA2 /* Release */,
			);
			defaultConfigurationIsVisible = 0;
			defaultConfigurationName = Release;
		};
/* End XCConfigurationList section */

/* Begin XCVersionGroup section */
		4C72E88B2579D8F80098FCA2 /* TimeWaster.xcdatamodeld */ = {
			isa = XCVersionGroup;
			children = (
				4C72E88C2579D8F80098FCA2 /* TimeWaster.xcdatamodel */,
			);
			currentVersion = 4C72E88C2579D8F80098FCA2 /* TimeWaster.xcdatamodel */;
			path = TimeWaster.xcdatamodeld;
			sourceTree = "<group>";
			versionGroupType = wrapper.xcdatamodel;
		};
/* End XCVersionGroup section */
	};
	rootObject = 4C72E8772579D8F80098FCA2 /* Project object */;
}
